{
  "name": "gene-finder",
  "version": "1.0.0",
  "lockfileVersion": 1,
  "requires": true,
  "dependencies": {
    "agp-npm": {
      "version": "1.0.8",
      "resolved": "https://registry.npmjs.org/agp-npm/-/agp-npm-1.0.8.tgz",
      "integrity": "sha512-5NHzYnYryLSkTPLnKkaqq6q6RaCktAGykH+g2HdqP6kYZbBblHEe+mKjE6Sk5ELLueexrSvQ88GfnE1NRHb6QQ=="
    },
    "node-fetch": {
      "version": "2.6.1",
      "resolved": "https://registry.npmjs.org/node-fetch/-/node-fetch-2.6.1.tgz",
      "integrity": "sha512-V4aYg89jEoVRxRb2fJdAg8FHvI7cEyYdVAh94HH0UIK8oJxUfkjlDQN9RbMx+bEjP7+ggMiFRprSti032Oipxw=="
    }
  }
}
